
Microsoft Visual Studio Solution File, Format Version 12.00
# Visual Studio Version 17
VisualStudioVersion = 17.1.32210.238
MinimumVisualStudioVersion = 10.0.40219.1
Project("{9A19103F-16F7-4668-BE54-9A1E7A4F7556}") = "ProjEventos", "ProjEventos\ProjEventos.csproj", "{C003EB5A-52E7-4574-8CAD-C70C1AFC40DE}"
EndProject
Project("{9A19103F-16F7-4668-BE54-9A1E7A4F7556}") = "Model", "Model\Model.csproj", "{C73B0012-45A3-4A06-8658-C8AF922B2AA2}"
EndProject
Global
	GlobalSection(SolutionConfigurationPlatforms) = preSolution
		Debug|Any CPU = Debug|Any CPU
		Release|Any CPU = Release|Any CPU
	EndGlobalSection
	GlobalSection(ProjectConfigurationPlatforms) = postSolution
		{C003EB5A-52E7-4574-8CAD-C70C1AFC40DE}.Debug|Any CPU.ActiveCfg = Debug|Any CPU
		{C003EB5A-52E7-4574-8CAD-C70C1AFC40DE}.Debug|Any CPU.Build.0 = Debug|Any CPU
		{C003EB5A-52E7-4574-8CAD-C70C1AFC40DE}.Release|Any CPU.ActiveCfg = Release|Any CPU
		{C003EB5A-52E7-4574-8CAD-C70C1AFC40DE}.Release|Any CPU.Build.0 = Release|Any CPU
		{C73B0012-45A3-4A06-8658-C8AF922B2AA2}.Debug|Any CPU.ActiveCfg = Debug|Any CPU
		{C73B0012-45A3-4A06-8658-C8AF922B2AA2}.Debug|Any CPU.Build.0 = Debug|Any CPU
		{C73B0012-45A3-4A06-8658-C8AF922B2AA2}.Release|Any CPU.ActiveCfg = Release|Any CPU
		{C73B0012-45A3-4A06-8658-C8AF922B2AA2}.Release|Any CPU.Build.0 = Release|Any CPU
	EndGlobalSection
	GlobalSection(SolutionProperties) = preSolution
		HideSolutionNode = FALSE
	EndGlobalSection
	GlobalSection(ExtensibilityGlobals) = postSolution
		SolutionGuid = {98678C46-0ADF-4B1D-9CA8-DC4BCE278B39}
	EndGlobalSection
EndGlobal
